
Microsoft Visual Studio Solution File, Format Version 12.00
# Visual Studio Version 17
VisualStudioVersion = 17.10.35004.147
MinimumVisualStudioVersion = 10.0.40219.1
Project("{FAE04EC0-301F-11D3-BF4B-00C04F79EFBC}") = "Export.Import.Database", "Export.Import.Database.csproj", "{6B9FEF52-15A4-4195-B5B1-B76F674FC98C}"
EndProject
Global
	GlobalSection(SolutionConfigurationPlatforms) = preSolution
		Debug|Any CPU = Debug|Any CPU
		Release|Any CPU = Release|Any CPU
	EndGlobalSection
	GlobalSection(ProjectConfigurationPlatforms) = postSolution
		{6B9FEF52-15A4-4195-B5B1-B76F674FC98C}.Debug|Any CPU.ActiveCfg = Debug|Any CPU
		{6B9FEF52-15A4-4195-B5B1-B76F674FC98C}.Debug|Any CPU.Build.0 = Debug|Any CPU
		{6B9FEF52-15A4-4195-B5B1-B76F674FC98C}.Release|Any CPU.ActiveCfg = Release|Any CPU
		{6B9FEF52-15A4-4195-B5B1-B76F674FC98C}.Release|Any CPU.Build.0 = Release|Any CPU
	EndGlobalSection
	GlobalSection(SolutionProperties) = preSolution
		HideSolutionNode = FALSE
	EndGlobalSection
	GlobalSection(ExtensibilityGlobals) = postSolution
		SolutionGuid = {DF54A054-B497-4ECD-A794-F8E6C52AE98F}
	EndGlobalSection
EndGlobal
